
Microsoft Visual Studio Solution File, Format Version 12.00
# Visual Studio 15
VisualStudioVersion = 15.0.28307.136
MinimumVisualStudioVersion = 10.0.40219.1
Project("{8BC9CEB8-8B4A-11D0-8D11-00A0C91BC942}") = "Project00", "Project00\Project00.vcxproj", "{886BEF59-5668-42D5-9C0E-AD4D411BB3DE}"
EndProject
Project("{8BC9CEB8-8B4A-11D0-8D11-00A0C91BC942}") = "MathLib", "MathLib\MathLib.vcxproj", "{D5F1FBD7-3E51-41A9-953C-83309B817163}"
EndProject
Project("{8BC9CEB8-8B4A-11D0-8D11-00A0C91BC942}") = "Project01_DXWindow", "Project01_DXWindow\Project01_DXWindow.vcxproj", "{27C1F3F2-FCB0-4190-B43A-A16DBFF5992F}"
EndProject
Project("{8BC9CEB8-8B4A-11D0-8D11-00A0C91BC942}") = "Project02_EngineExample", "Project02_EngineExample\Project02_EngineExample.vcxproj", "{B786A9D0-7E06-44F8-B13E-93A53AAB91A4}"
EndProject
Project("{8BC9CEB8-8B4A-11D0-8D11-00A0C91BC942}") = "Project03_PlanetsExample", "Project03_PlanetsExample\Project03_PlanetsExample.vcxproj", "{8B1529F0-7FBC-43DB-A15F-FF20F2008493}"
EndProject
Project("{8BC9CEB8-8B4A-11D0-8D11-00A0C91BC942}") = "Project04_SpriteAnimation", "Project04_SpriteAnimation\Project04_SpriteAnimation.vcxproj", "{D1CBAB20-4AC8-4CE6-B581-76E5B685BF6A}"
EndProject
Project("{8BC9CEB8-8B4A-11D0-8D11-00A0C91BC942}") = "Project05_EntityAndCollisions", "Project05_EntityAndCollisions\Project05_EntityAndCollisions.vcxproj", "{90DF5F67-069D-477B-BF6C-FF7876C873A5}"
EndProject
Project("{8BC9CEB8-8B4A-11D0-8D11-00A0C91BC942}") = "Project06_Gravity", "Project06_Gravity\Project06_Gravity.vcxproj", "{F2D2E15D-18C0-42DC-8CD0-D8F1107EB9C9}"
EndProject
Project("{8BC9CEB8-8B4A-11D0-8D11-00A0C91BC942}") = "Project07_CollisionTypes", "Project07_CollisionTypes\Project07_CollisionTypes.vcxproj", "{440D64DD-E23C-4CDF-90B7-8E560D8D224D}"
EndProject
Project("{8BC9CEB8-8B4A-11D0-8D11-00A0C91BC942}") = "Project08_GameAudio", "Project08_GameAudio\Project08_GameAudio.vcxproj", "{0709513B-1AF8-4364-A587-FC9BE9DB09EE}"
EndProject
Project("{8BC9CEB8-8B4A-11D0-8D11-00A0C91BC942}") = "Project09_FontsBasicApp", "Project09_FontsBasicApp\Project09_FontsBasicApp.vcxproj", "{3CBFFD31-DCB3-4303-8625-9F187257D651}"
EndProject
Project("{8BC9CEB8-8B4A-11D0-8D11-00A0C91BC942}") = "Project10_FontDXApp", "Project10_FontDXApp\Project10_FontDXApp.vcxproj", "{02606F3B-F8F9-46F6-9ECF-83C2A39D134F}"
EndProject
Project("{8BC9CEB8-8B4A-11D0-8D11-00A0C91BC942}") = "Project11_FontDemos", "Project11_FontDemos\Project11_FontDemos.vcxproj", "{FF21A58E-F7FD-4612-8A87-98539911D3A1}"
EndProject
Project("{8BC9CEB8-8B4A-11D0-8D11-00A0C91BC942}") = "Project12_AddConsole", "Project12_AddConsole\Project12_AddConsole.vcxproj", "{B6B06B3C-1AC2-450F-B128-334FFEA6A5B7}"
EndProject
Project("{8BC9CEB8-8B4A-11D0-8D11-00A0C91BC942}") = "Project13_ScrollingBitmap", "Project13_ScrollingBitmap\Project13_ScrollingBitmap.vcxproj", "{210AFAAB-249C-4F5E-8445-C579490F1761}"
EndProject
Global
	GlobalSection(SolutionConfigurationPlatforms) = preSolution
		Debug|x64 = Debug|x64
		Debug|x86 = Debug|x86
		Release|x64 = Release|x64
		Release|x86 = Release|x86
	EndGlobalSection
	GlobalSection(ProjectConfigurationPlatforms) = postSolution
		{886BEF59-5668-42D5-9C0E-AD4D411BB3DE}.Debug|x64.ActiveCfg = Debug|x64
		{886BEF59-5668-42D5-9C0E-AD4D411BB3DE}.Debug|x64.Build.0 = Debug|x64
		{886BEF59-5668-42D5-9C0E-AD4D411BB3DE}.Debug|x86.ActiveCfg = Debug|Win32
		{886BEF59-5668-42D5-9C0E-AD4D411BB3DE}.Debug|x86.Build.0 = Debug|Win32
		{886BEF59-5668-42D5-9C0E-AD4D411BB3DE}.Release|x64.ActiveCfg = Release|x64
		{886BEF59-5668-42D5-9C0E-AD4D411BB3DE}.Release|x64.Build.0 = Release|x64
		{886BEF59-5668-42D5-9C0E-AD4D411BB3DE}.Release|x86.ActiveCfg = Release|Win32
		{886BEF59-5668-42D5-9C0E-AD4D411BB3DE}.Release|x86.Build.0 = Release|Win32
		{D5F1FBD7-3E51-41A9-953C-83309B817163}.Debug|x64.ActiveCfg = Debug|x64
		{D5F1FBD7-3E51-41A9-953C-83309B817163}.Debug|x64.Build.0 = Debug|x64
		{D5F1FBD7-3E51-41A9-953C-83309B817163}.Debug|x86.ActiveCfg = Debug|Win32
		{D5F1FBD7-3E51-41A9-953C-83309B817163}.Debug|x86.Build.0 = Debug|Win32
		{D5F1FBD7-3E51-41A9-953C-83309B817163}.Release|x64.ActiveCfg = Release|x64
		{D5F1FBD7-3E51-41A9-953C-83309B817163}.Release|x64.Build.0 = Release|x64
		{D5F1FBD7-3E51-41A9-953C-83309B817163}.Release|x86.ActiveCfg = Release|Win32
		{D5F1FBD7-3E51-41A9-953C-83309B817163}.Release|x86.Build.0 = Release|Win32
		{27C1F3F2-FCB0-4190-B43A-A16DBFF5992F}.Debug|x64.ActiveCfg = Debug|x64
		{27C1F3F2-FCB0-4190-B43A-A16DBFF5992F}.Debug|x64.Build.0 = Debug|x64
		{27C1F3F2-FCB0-4190-B43A-A16DBFF5992F}.Debug|x86.ActiveCfg = Debug|Win32
		{27C1F3F2-FCB0-4190-B43A-A16DBFF5992F}.Debug|x86.Build.0 = Debug|Win32
		{27C1F3F2-FCB0-4190-B43A-A16DBFF5992F}.Release|x64.ActiveCfg = Release|x64
		{27C1F3F2-FCB0-4190-B43A-A16DBFF5992F}.Release|x64.Build.0 = Release|x64
		{27C1F3F2-FCB0-4190-B43A-A16DBFF5992F}.Release|x86.ActiveCfg = Release|Win32
		{27C1F3F2-FCB0-4190-B43A-A16DBFF5992F}.Release|x86.Build.0 = Release|Win32
		{B786A9D0-7E06-44F8-B13E-93A53AAB91A4}.Debug|x64.ActiveCfg = Debug|x64
		{B786A9D0-7E06-44F8-B13E-93A53AAB91A4}.Debug|x64.Build.0 = Debug|x64
		{B786A9D0-7E06-44F8-B13E-93A53AAB91A4}.Debug|x86.ActiveCfg = Debug|Win32
		{B786A9D0-7E06-44F8-B13E-93A53AAB91A4}.Debug|x86.Build.0 = Debug|Win32
		{B786A9D0-7E06-44F8-B13E-93A53AAB91A4}.Release|x64.ActiveCfg = Release|x64
		{B786A9D0-7E06-44F8-B13E-93A53AAB91A4}.Release|x64.Build.0 = Release|x64
		{B786A9D0-7E06-44F8-B13E-93A53AAB91A4}.Release|x86.ActiveCfg = Release|Win32
		{B786A9D0-7E06-44F8-B13E-93A53AAB91A4}.Release|x86.Build.0 = Release|Win32
		{8B1529F0-7FBC-43DB-A15F-FF20F2008493}.Debug|x64.ActiveCfg = Debug|x64
		{8B1529F0-7FBC-43DB-A15F-FF20F2008493}.Debug|x64.Build.0 = Debug|x64
		{8B1529F0-7FBC-43DB-A15F-FF20F2008493}.Debug|x86.ActiveCfg = Debug|Win32
		{8B1529F0-7FBC-43DB-A15F-FF20F2008493}.Debug|x86.Build.0 = Debug|Win32
		{8B1529F0-7FBC-43DB-A15F-FF20F2008493}.Release|x64.ActiveCfg = Release|x64
		{8B1529F0-7FBC-43DB-A15F-FF20F2008493}.Release|x64.Build.0 = Release|x64
		{8B1529F0-7FBC-43DB-A15F-FF20F2008493}.Release|x86.ActiveCfg = Release|Win32
		{8B1529F0-7FBC-43DB-A15F-FF20F2008493}.Release|x86.Build.0 = Release|Win32
		{D1CBAB20-4AC8-4CE6-B581-76E5B685BF6A}.Debug|x64.ActiveCfg = Debug|x64
		{D1CBAB20-4AC8-4CE6-B581-76E5B685BF6A}.Debug|x64.Build.0 = Debug|x64
		{D1CBAB20-4AC8-4CE6-B581-76E5B685BF6A}.Debug|x86.ActiveCfg = Debug|Win32
		{D1CBAB20-4AC8-4CE6-B581-76E5B685BF6A}.Debug|x86.Build.0 = Debug|Win32
		{D1CBAB20-4AC8-4CE6-B581-76E5B685BF6A}.Release|x64.ActiveCfg = Release|x64
		{D1CBAB20-4AC8-4CE6-B581-76E5B685BF6A}.Release|x64.Build.0 = Release|x64
		{D1CBAB20-4AC8-4CE6-B581-76E5B685BF6A}.Release|x86.ActiveCfg = Release|Win32
		{D1CBAB20-4AC8-4CE6-B581-76E5B685BF6A}.Release|x86.Build.0 = Release|Win32
		{90DF5F67-069D-477B-BF6C-FF7876C873A5}.Debug|x64.ActiveCfg = Debug|x64
		{90DF5F67-069D-477B-BF6C-FF7876C873A5}.Debug|x64.Build.0 = Debug|x64
		{90DF5F67-069D-477B-BF6C-FF7876C873A5}.Debug|x86.ActiveCfg = Debug|Win32
		{90DF5F67-069D-477B-BF6C-FF7876C873A5}.Debug|x86.Build.0 = Debug|Win32
		{90DF5F67-069D-477B-BF6C-FF7876C873A5}.Release|x64.ActiveCfg = Release|x64
		{90DF5F67-069D-477B-BF6C-FF7876C873A5}.Release|x64.Build.0 = Release|x64
		{90DF5F67-069D-477B-BF6C-FF7876C873A5}.Release|x86.ActiveCfg = Release|Win32
		{90DF5F67-069D-477B-BF6C-FF7876C873A5}.Release|x86.Build.0 = Release|Win32
		{F2D2E15D-18C0-42DC-8CD0-D8F1107EB9C9}.Debug|x64.ActiveCfg = Debug|x64
		{F2D2E15D-18C0-42DC-8CD0-D8F1107EB9C9}.Debug|x64.Build.0 = Debug|x64
		{F2D2E15D-18C0-42DC-8CD0-D8F1107EB9C9}.Debug|x86.ActiveCfg = Debug|Win32
		{F2D2E15D-18C0-42DC-8CD0-D8F1107EB9C9}.Debug|x86.Build.0 = Debug|Win32
		{F2D2E15D-18C0-42DC-8CD0-D8F1107EB9C9}.Release|x64.ActiveCfg = Release|x64
		{F2D2E15D-18C0-42DC-8CD0-D8F1107EB9C9}.Release|x64.Build.0 = Release|x64
		{F2D2E15D-18C0-42DC-8CD0-D8F1107EB9C9}.Release|x86.ActiveCfg = Release|Win32
		{F2D2E15D-18C0-42DC-8CD0-D8F1107EB9C9}.Release|x86.Build.0 = Release|Win32
		{440D64DD-E23C-4CDF-90B7-8E560D8D224D}.Debug|x64.ActiveCfg = Debug|x64
		{440D64DD-E23C-4CDF-90B7-8E560D8D224D}.Debug|x64.Build.0 = Debug|x64
		{440D64DD-E23C-4CDF-90B7-8E560D8D224D}.Debug|x86.ActiveCfg = Debug|Win32
		{440D64DD-E23C-4CDF-90B7-8E560D8D224D}.Debug|x86.Build.0 = Debug|Win32
		{440D64DD-E23C-4CDF-90B7-8E560D8D224D}.Release|x64.ActiveCfg = Release|x64
		{440D64DD-E23C-4CDF-90B7-8E560D8D224D}.Release|x64.Build.0 = Release|x64
		{440D64DD-E23C-4CDF-90B7-8E560D8D224D}.Release|x86.ActiveCfg = Release|Win32
		{440D64DD-E23C-4CDF-90B7-8E560D8D224D}.Release|x86.Build.0 = Release|Win32
		{0709513B-1AF8-4364-A587-FC9BE9DB09EE}.Debug|x64.ActiveCfg = Debug|x64
		{0709513B-1AF8-4364-A587-FC9BE9DB09EE}.Debug|x64.Build.0 = Debug|x64
		{0709513B-1AF8-4364-A587-FC9BE9DB09EE}.Debug|x86.ActiveCfg = Debug|Win32
		{0709513B-1AF8-4364-A587-FC9BE9DB09EE}.Debug|x86.Build.0 = Debug|Win32
		{0709513B-1AF8-4364-A587-FC9BE9DB09EE}.Release|x64.ActiveCfg = Release|x64
		{0709513B-1AF8-4364-A587-FC9BE9DB09EE}.Release|x64.Build.0 = Release|x64
		{0709513B-1AF8-4364-A587-FC9BE9DB09EE}.Release|x86.ActiveCfg = Release|Win32
		{0709513B-1AF8-4364-A587-FC9BE9DB09EE}.Release|x86.Build.0 = Release|Win32
		{3CBFFD31-DCB3-4303-8625-9F187257D651}.Debug|x64.ActiveCfg = Debug|x64
		{3CBFFD31-DCB3-4303-8625-9F187257D651}.Debug|x64.Build.0 = Debug|x64
		{3CBFFD31-DCB3-4303-8625-9F187257D651}.Debug|x86.ActiveCfg = Debug|Win32
		{3CBFFD31-DCB3-4303-8625-9F187257D651}.Debug|x86.Build.0 = Debug|Win32
		{3CBFFD31-DCB3-4303-8625-9F187257D651}.Release|x64.ActiveCfg = Release|x64
		{3CBFFD31-DCB3-4303-8625-9F187257D651}.Release|x64.Build.0 = Release|x64
		{3CBFFD31-DCB3-4303-8625-9F187257D651}.Release|x86.ActiveCfg = Release|Win32
		{3CBFFD31-DCB3-4303-8625-9F187257D651}.Release|x86.Build.0 = Release|Win32
		{02606F3B-F8F9-46F6-9ECF-83C2A39D134F}.Debug|x64.ActiveCfg = Debug|x64
		{02606F3B-F8F9-46F6-9ECF-83C2A39D134F}.Debug|x64.Build.0 = Debug|x64
		{02606F3B-F8F9-46F6-9ECF-83C2A39D134F}.Debug|x86.ActiveCfg = Debug|Win32
		{02606F3B-F8F9-46F6-9ECF-83C2A39D134F}.Debug|x86.Build.0 = Debug|Win32
		{02606F3B-F8F9-46F6-9ECF-83C2A39D134F}.Release|x64.ActiveCfg = Release|x64
		{02606F3B-F8F9-46F6-9ECF-83C2A39D134F}.Release|x64.Build.0 = Release|x64
		{02606F3B-F8F9-46F6-9ECF-83C2A39D134F}.Release|x86.ActiveCfg = Release|Win32
		{02606F3B-F8F9-46F6-9ECF-83C2A39D134F}.Release|x86.Build.0 = Release|Win32
		{FF21A58E-F7FD-4612-8A87-98539911D3A1}.Debug|x64.ActiveCfg = Debug|x64
		{FF21A58E-F7FD-4612-8A87-98539911D3A1}.Debug|x64.Build.0 = Debug|x64
		{FF21A58E-F7FD-4612-8A87-98539911D3A1}.Debug|x86.ActiveCfg = Debug|Win32
		{FF21A58E-F7FD-4612-8A87-98539911D3A1}.Debug|x86.Build.0 = Debug|Win32
		{FF21A58E-F7FD-4612-8A87-98539911D3A1}.Release|x64.ActiveCfg = Release|x64
		{FF21A58E-F7FD-4612-8A87-98539911D3A1}.Release|x64.Build.0 = Release|x64
		{FF21A58E-F7FD-4612-8A87-98539911D3A1}.Release|x86.ActiveCfg = Release|Win32
		{FF21A58E-F7FD-4612-8A87-98539911D3A1}.Release|x86.Build.0 = Release|Win32
		{B6B06B3C-1AC2-450F-B128-334FFEA6A5B7}.Debug|x64.ActiveCfg = Debug|x64
		{B6B06B3C-1AC2-450F-B128-334FFEA6A5B7}.Debug|x64.Build.0 = Debug|x64
		{B6B06B3C-1AC2-450F-B128-334FFEA6A5B7}.Debug|x86.ActiveCfg = Debug|Win32
		{B6B06B3C-1AC2-450F-B128-334FFEA6A5B7}.Debug|x86.Build.0 = Debug|Win32
		{B6B06B3C-1AC2-450F-B128-334FFEA6A5B7}.Release|x64.ActiveCfg = Release|x64
		{B6B06B3C-1AC2-450F-B128-334FFEA6A5B7}.Release|x64.Build.0 = Release|x64
		{B6B06B3C-1AC2-450F-B128-334FFEA6A5B7}.Release|x86.ActiveCfg = Release|Win32
		{B6B06B3C-1AC2-450F-B128-334FFEA6A5B7}.Release|x86.Build.0 = Release|Win32
		{210AFAAB-249C-4F5E-8445-C579490F1761}.Debug|x64.ActiveCfg = Debug|x64
		{210AFAAB-249C-4F5E-8445-C579490F1761}.Debug|x64.Build.0 = Debug|x64
		{210AFAAB-249C-4F5E-8445-C579490F1761}.Debug|x86.ActiveCfg = Debug|Win32
		{210AFAAB-249C-4F5E-8445-C579490F1761}.Debug|x86.Build.0 = Debug|Win32
		{210AFAAB-249C-4F5E-8445-C579490F1761}.Release|x64.ActiveCfg = Release|x64
		{210AFAAB-249C-4F5E-8445-C579490F1761}.Release|x64.Build.0 = Release|x64
		{210AFAAB-249C-4F5E-8445-C579490F1761}.Release|x86.ActiveCfg = Release|Win32
		{210AFAAB-249C-4F5E-8445-C579490F1761}.Release|x86.Build.0 = Release|Win32
	EndGlobalSection
	GlobalSection(SolutionProperties) = preSolution
		HideSolutionNode = FALSE
	EndGlobalSection
	GlobalSection(ExtensibilityGlobals) = postSolution
		SolutionGuid = {C71306BB-98FF-489E-95EF-C278CDF240B9}
	EndGlobalSection
EndGlobal
